
Microsoft Visual Studio Solution File, Format Version 12.00
# Visual Studio Version 16
VisualStudioVersion = 16.0.30503.244
MinimumVisualStudioVersion = 10.0.40219.1
Project("{9A19103F-16F7-4668-BE54-9A1E7A4F7556}") = "EstacionamentoWeb", "EstacionamentoWeb\EstacionamentoWeb.csproj", "{D526C4BE-954E-474E-8320-78023CC57AEE}"
EndProject
Project("{2150E333-8FDC-42A3-9474-1A3956D46DE8}") = "Solution Items", "Solution Items", "{C076EF2F-EBEB-469F-A44B-FE124D06D283}"
	ProjectSection(SolutionItems) = preProject
		.editorconfig = .editorconfig
	EndProjectSection
EndProject
Global
	GlobalSection(SolutionConfigurationPlatforms) = preSolution
		Debug|Any CPU = Debug|Any CPU
		Release|Any CPU = Release|Any CPU
	EndGlobalSection
	GlobalSection(ProjectConfigurationPlatforms) = postSolution
		{D526C4BE-954E-474E-8320-78023CC57AEE}.Debug|Any CPU.ActiveCfg = Debug|Any CPU
		{D526C4BE-954E-474E-8320-78023CC57AEE}.Debug|Any CPU.Build.0 = Debug|Any CPU
		{D526C4BE-954E-474E-8320-78023CC57AEE}.Release|Any CPU.ActiveCfg = Release|Any CPU
		{D526C4BE-954E-474E-8320-78023CC57AEE}.Release|Any CPU.Build.0 = Release|Any CPU
	EndGlobalSection
	GlobalSection(SolutionProperties) = preSolution
		HideSolutionNode = FALSE
	EndGlobalSection
	GlobalSection(ExtensibilityGlobals) = postSolution
		SolutionGuid = {5BFB4AF9-CBDA-433B-B062-2CAA54149DC3}
	EndGlobalSection
EndGlobal
